{
  "name": "@desmodder/text-mode-core",
  "version": "0.1.1",
  "lockfileVersion": 3,
  "requires": true,
  "packages": {
    "": {
      "name": "@desmodder/text-mode-core",
      "version": "0.1.1",
      "license": "MIT",
      "dependencies": {
        "@desmodder/text-mode-core": "file:"
      }
    },
    "node_modules/@desmodder/text-mode-core": {
      "resolved": "",
      "link": true
    }
  }
}
